
Microsoft Visual Studio Solution File, Format Version 12.00
# Visual Studio Version 17
VisualStudioVersion = 17.7.34009.444
MinimumVisualStudioVersion = 10.0.40219.1
Project("{9A19103F-16F7-4668-BE54-9A1E7A4F7556}") = "ArocenaAPI", "ArocenaAPI.csproj", "{52B7F42A-7B19-48D4-82A4-64D272B486B4}"
EndProject
Project("{FAE04EC0-301F-11D3-BF4B-00C04F79EFBC}") = "ArocenaAPI.Tests", "..\ArocenaAPI.Tests\ArocenaAPI.Tests.csproj", "{72315372-397A-46F8-A803-FA5BF5C2E1F1}"
EndProject
Global
	GlobalSection(SolutionConfigurationPlatforms) = preSolution
		Debug|Any CPU = Debug|Any CPU
		Release|Any CPU = Release|Any CPU
	EndGlobalSection
	GlobalSection(ProjectConfigurationPlatforms) = postSolution
		{52B7F42A-7B19-48D4-82A4-64D272B486B4}.Debug|Any CPU.ActiveCfg = Debug|Any CPU
		{52B7F42A-7B19-48D4-82A4-64D272B486B4}.Debug|Any CPU.Build.0 = Debug|Any CPU
		{52B7F42A-7B19-48D4-82A4-64D272B486B4}.Release|Any CPU.ActiveCfg = Release|Any CPU
		{52B7F42A-7B19-48D4-82A4-64D272B486B4}.Release|Any CPU.Build.0 = Release|Any CPU
		{72315372-397A-46F8-A803-FA5BF5C2E1F1}.Debug|Any CPU.ActiveCfg = Debug|Any CPU
		{72315372-397A-46F8-A803-FA5BF5C2E1F1}.Debug|Any CPU.Build.0 = Debug|Any CPU
		{72315372-397A-46F8-A803-FA5BF5C2E1F1}.Release|Any CPU.ActiveCfg = Release|Any CPU
		{72315372-397A-46F8-A803-FA5BF5C2E1F1}.Release|Any CPU.Build.0 = Release|Any CPU
	EndGlobalSection
	GlobalSection(SolutionProperties) = preSolution
		HideSolutionNode = FALSE
	EndGlobalSection
	GlobalSection(ExtensibilityGlobals) = postSolution
		SolutionGuid = {F855F768-CA94-497B-9A64-20DF89F0E9F2}
	EndGlobalSection
EndGlobal
